PODS:
  - SendBirdSDK (3.1.5)
  - SnapKit (5.0.1)

DEPENDENCIES:
  - SendBirdSDK
  - SnapKit

SPEC REPOS:
  trunk:
    - SendBirdSDK
    - SnapKit

SPEC CHECKSUMS:
  SendBirdSDK: f0ceb0db0f2ee2656a0c8ad50a6378a90a9f0e00
  SnapKit: 97b92857e3df3a0c71833cce143274bf6ef8e5eb

PODFILE CHECKSUM: 08b4f2d8695b7e467106c8a07fb2d7c7165d3564

COCOAPODS: 1.11.2
